
Microsoft Visual Studio Solution File, Format Version 12.00
# Visual Studio Version 17
VisualStudioVersion = 17.9.34310.174
MinimumVisualStudioVersion = 10.0.40219.1
Project("{FAE04EC0-301F-11D3-BF4B-00C04F79EFBC}") = "Simplz.Speedometer", "Simplz.Speedometer.csproj", "{FDC3659F-D751-4011-9D93-B5AD9B8B1550}"
EndProject
Global
	GlobalSection(SolutionConfigurationPlatforms) = preSolution
		Debug|Any CPU = Debug|Any CPU
		Release|Any CPU = Release|Any CPU
	EndGlobalSection
	GlobalSection(ProjectConfigurationPlatforms) = postSolution
		{FDC3659F-D751-4011-9D93-B5AD9B8B1550}.Debug|Any CPU.ActiveCfg = Debug|Any CPU
		{FDC3659F-D751-4011-9D93-B5AD9B8B1550}.Debug|Any CPU.Build.0 = Debug|Any CPU
		{FDC3659F-D751-4011-9D93-B5AD9B8B1550}.Debug|Any CPU.Deploy.0 = Debug|Any CPU
		{FDC3659F-D751-4011-9D93-B5AD9B8B1550}.Release|Any CPU.ActiveCfg = Release|Any CPU
		{FDC3659F-D751-4011-9D93-B5AD9B8B1550}.Release|Any CPU.Build.0 = Release|Any CPU
		{FDC3659F-D751-4011-9D93-B5AD9B8B1550}.Release|Any CPU.Deploy.0 = Release|Any CPU
	EndGlobalSection
	GlobalSection(SolutionProperties) = preSolution
		HideSolutionNode = FALSE
	EndGlobalSection
	GlobalSection(ExtensibilityGlobals) = postSolution
		SolutionGuid = {DF1F9646-7469-48CD-8A5E-91FAE307C7DF}
	EndGlobalSection
EndGlobal
